# This file is automatically @generated by Poetry 2.2.1 and should not be changed by hand.

[[package]]
name = "boolean-py"
version = "5.0"
description = "Define boolean algebras, create and parse boolean expressions and create custom boolean DSL."
optional = false
python-versions = "*"
groups = ["main"]
files = [
    {file = "boolean_py-5.0-py3-none-any.whl", hash = "sha256:ef28a70bd43115208441b53a045d1549e2f0ec6e3d08a9d142cbc41c1938e8d9"},
    {file = "boolean_py-5.0.tar.gz", hash = "sha256:60cbc4bad079753721d32649545505362c754e121570ada4658b852a3a318d95"},
]

[package.extras]
dev = ["build", "twine"]
docs = ["Sphinx (>=3.3.1)", "doc8 (>=0.8.1)", "sphinx-rtd-theme (>=0.5.0)", "sphinxcontrib-apidoc (>=0.3.0)"]
linting = ["black", "isort", "pycodestyle"]
testing = ["pytest (>=6,!=7.0.0)", "pytest-xdist (>=2)"]

[[package]]
name = "click"
version = "8.1.8"
description = "Composable command line interface toolkit"
optional = false
python-versions = ">=3.7"
groups = ["main"]
files = [
    {file = "click-8.1.8-py3-none-any.whl", hash = "sha256:63c132bbbed01578a06712a2d1f497bb62d9c1c0d329b7903a866228027263b2"},
    {file = "click-8.1.8.tar.gz", hash = "sha256:ed53c9d8990d83c2a27deae68e4ee337473f6330c040a31d4225c9574d16096a"},
]

[package.dependencies]
colorama = {version = "*", markers = "platform_system == \"Windows\""}

[[package]]
name = "colorama"
version = "0.4.6"
description = "Cross-platform colored terminal text."
optional = false
python-versions = "!=3.0.*,!=3.1.*,!=3.2.*,!=3.3.*,!=3.4.*,!=3.5.*,!=3.6.*,>=2.7"
groups = ["main", "dev"]
files = [
    {file = "colorama-0.4.6-py2.py3-none-any.whl", hash = "sha256:4f1d9991f5acc0ca119f9d443620b77f9d6b33703e51011c16baf57afb285fc6"},
    {file = "colorama-0.4.6.tar.gz", hash = "sha256:08695f5cb7ed6e0531a20572697297273c47b8cae5a63ffc6d6ed5c201be6e44"},
]
markers = {main = "platform_system == \"Windows\"", dev = "sys_platform == \"win32\""}

[[package]]
name = "cyclonedx-python-lib"
version = "8.9.0"
description = "Python library for CycloneDX"
optional = false
python-versions = "<4.0,>=3.8"
groups = ["main"]
files = [
    {file = "cyclonedx_python_lib-8.9.0-py3-none-any.whl", hash = "sha256:017b95b334aa83b2d0db8af9764e13a46f0e903bd30a57d93d08dcd302c84032"},
    {file = "cyclonedx_python_lib-8.9.0.tar.gz", hash = "sha256:112c6e6e5290420e32026c49b8391645bf3e646c7602f7bdb5d02c6febbaa073"},
]

[package.dependencies]
license-expression = ">=30,<31"
packageurl-python = ">=0.11,<2"
py-serializable = ">=1.1.1,<2.0.0"
sortedcontainers = ">=2.4.0,<3.0.0"

[package.extras]
json-validation = ["jsonschema[format] (>=4.18,<5.0)"]
validation = ["jsonschema[format] (>=4.18,<5.0)", "lxml (>=4,<6)"]
xml-validation = ["lxml (>=4,<6)"]

[[package]]
name = "defusedxml"
version = "0.7.1"
description = "XML bomb protection for Python stdlib modules"
optional = false
python-versions = ">=2.7, !=3.0.*, !=3.1.*, !=3.2.*, !=3.3.*, !=3.4.*"
groups = ["main"]
files = [
    {file = "defusedxml-0.7.1-py2.py3-none-any.whl", hash = "sha256:a352e7e428770286cc899e2542b6cdaedb2b4953ff269a210103ec58f6198a61"},
    {file = "defusedxml-0.7.1.tar.gz", hash = "sha256:1bb3032db185915b62d7c6209c5a8792be6a32ab2fedacc84e01b52c51aa3e69"},
]

[[package]]
name = "iniconfig"
version = "2.3.0"
description = "brain-dead simple config-ini parsing"
optional = false
python-versions = ">=3.10"
groups = ["dev"]
files = [
    {file = "iniconfig-2.3.0-py3-none-any.whl", hash = "sha256:f631c04d2c48c52b84d0d0549c99ff3859c98df65b3101406327ecc7d53fbf12"},
    {file = "iniconfig-2.3.0.tar.gz", hash = "sha256:c76315c77db068650d49c5b56314774a7804df16fee4402c1f19d6d15d8c4730"},
]

[[package]]
name = "license-expression"
version = "30.4.4"
description = "license-expression is a comprehensive utility library to parse, compare, simplify and normalize license expressions (such as SPDX license expressions) using boolean logic."
optional = false
python-versions = ">=3.9"
groups = ["main"]
files = [
    {file = "license_expression-30.4.4-py3-none-any.whl", hash = "sha256:421788fdcadb41f049d2dc934ce666626265aeccefddd25e162a26f23bcbf8a4"},
    {file = "license_expression-30.4.4.tar.gz", hash = "sha256:73448f0aacd8d0808895bdc4b2c8e01a8d67646e4188f887375398c761f340fd"},
]

[package.dependencies]
"boolean.py" = ">=4.0"

[package.extras]
dev = ["Sphinx (>=5.0.2)", "doc8 (>=0.11.2)", "pytest (>=7.0.1)", "pytest-xdist (>=2)", "ruff", "sphinx-autobuild", "sphinx-copybutton", "sphinx-reredirects (>=0.1.2)", "sphinx-rtd-dark-mode (>=1.3.0)", "sphinx-rtd-theme (>=1.0.0)", "sphinxcontrib-apidoc (>=0.4.0)", "twine"]

[[package]]
name = "markdown-it-py"
version = "4.0.0"
description = "Python port of markdown-it. Markdown parsing, done right!"
optional = false
python-versions = ">=3.10"
groups = ["main"]
files = [
    {file = "markdown_it_py-4.0.0-py3-none-any.whl", hash = "sha256:87327c59b172c5011896038353a81343b6754500a08cd7a4973bb48c6d578147"},
    {file = "markdown_it_py-4.0.0.tar.gz", hash = "sha256:cb0a2b4aa34f932c007117b194e945bd74e0ec24133ceb5bac59009cda1cb9f3"},
]

[package.dependencies]
mdurl = ">=0.1,<1.0"

[package.extras]
benchmarking = ["psutil", "pytest", "pytest-benchmark"]
compare = ["commonmark (>=0.9,<1.0)", "markdown (>=3.4,<4.0)", "markdown-it-pyrs", "mistletoe (>=1.0,<2.0)", "mistune (>=3.0,<4.0)", "panflute (>=2.3,<3.0)"]
linkify = ["linkify-it-py (>=1,<3)"]
plugins = ["mdit-py-plugins (>=0.5.0)"]
profiling = ["gprof2dot"]
rtd = ["ipykernel", "jupyter_sphinx", "mdit-py-plugins (>=0.5.0)", "myst-parser", "pyyaml", "sphinx", "sphinx-book-theme (>=1.0,<2.0)", "sphinx-copybutton", "sphinx-design"]
testing = ["coverage", "pytest", "pytest-cov", "pytest-regressions", "requests"]

[[package]]
name = "mdurl"
version = "0.1.2"
description = "Markdown URL utilities"
optional = false
python-versions = ">=3.7"
groups = ["main"]
files = [
    {file = "mdurl-0.1.2-py3-none-any.whl", hash = "sha256:84008a41e51615a49fc9966191ff91509e3c40b939176e643fd50a5c2196b8f8"},
    {file = "mdurl-0.1.2.tar.gz", hash = "sha256:bb413d29f5eea38f31dd4754dd7377d4465116fb207585f97bf925588687c1ba"},
]

[[package]]
name = "packageurl-python"
version = "0.17.6"
description = "A purl aka. Package URL parser and builder"
optional = false
python-versions = ">=3.8"
groups = ["main"]
files = [
    {file = "packageurl_python-0.17.6-py3-none-any.whl", hash = "sha256:31a85c2717bc41dd818f3c62908685ff9eebcb68588213745b14a6ee9e7df7c9"},
    {file = "packageurl_python-0.17.6.tar.gz", hash = "sha256:1252ce3a102372ca6f86eb968e16f9014c4ba511c5c37d95a7f023e2ca6e5c25"},
]

[package.extras]
build = ["setuptools", "wheel"]
lint = ["black", "isort", "mypy"]
sqlalchemy = ["sqlalchemy (>=2.0.0)"]
test = ["pytest"]

[[package]]
name = "packaging"
version = "25.0"
description = "Core utilities for Python packages"
optional = false
python-versions = ">=3.8"
groups = ["main", "dev"]
files = [
    {file = "packaging-25.0-py3-none-any.whl", hash = "sha256:29572ef2b1f17581046b3a2227d5c611fb25ec70ca1ba8554b24b0e69331a484"},
    {file = "packaging-25.0.tar.gz", hash = "sha256:d443872c98d677bf60f6a1f2f8c1cb748e8fe762d2bf9d3148b5599295b0fc4f"},
]

[[package]]
name = "pip-requirements-parser"
version = "32.0.1"
description = "pip requirements parser - a mostly correct pip requirements parsing library because it uses pip's own code."
optional = false
python-versions = ">=3.6.0"
groups = ["main"]
files = [
    {file = "pip-requirements-parser-32.0.1.tar.gz", hash = "sha256:b4fa3a7a0be38243123cf9d1f3518da10c51bdb165a2b2985566247f9155a7d3"},
    {file = "pip_requirements_parser-32.0.1-py3-none-any.whl", hash = "sha256:4659bc2a667783e7a15d190f6fccf8b2486685b6dba4c19c3876314769c57526"},
]

[package.dependencies]
packaging = "*"
pyparsing = "*"

[package.extras]
docs = ["Sphinx (>=3.3.1)", "doc8 (>=0.8.1)", "sphinx-rtd-theme (>=0.5.0)"]
testing = ["aboutcode-toolkit (>=6.0.0)", "black", "pytest (>=6,!=7.0.0)", "pytest-xdist (>=2)"]

[[package]]
name = "pluggy"
version = "1.6.0"
description = "plugin and hook calling mechanisms for python"
optional = false
python-versions = ">=3.9"
groups = ["dev"]
files = [
    {file = "pluggy-1.6.0-py3-none-any.whl", hash = "sha256:e920276dd6813095e9377c0bc5566d94c932c33b27a3e3945d8389c374dd4746"},
    {file = "pluggy-1.6.0.tar.gz", hash = "sha256:7dcc130b76258d33b90f61b658791dede3486c3e6bfb003ee5c9bfb396dd22f3"},
]

[package.extras]
dev = ["pre-commit", "tox"]
testing = ["coverage", "pytest", "pytest-benchmark"]

[[package]]
name = "py-serializable"
version = "1.1.2"
description = "Library for serializing and deserializing Python Objects to and from JSON and XML."
optional = false
python-versions = "<4.0,>=3.8"
groups = ["main"]
files = [
    {file = "py_serializable-1.1.2-py3-none-any.whl", hash = "sha256:801be61b0a1ba64c3861f7c624f1de5cfbbabf8b458acc9cdda91e8f7e5effa1"},
    {file = "py_serializable-1.1.2.tar.gz", hash = "sha256:89af30bc319047d4aa0d8708af412f6ce73835e18bacf1a080028bb9e2f42bdb"},
]

[package.dependencies]
defusedxml = ">=0.7.1,<0.8.0"

[[package]]
name = "pygments"
version = "2.19.2"
description = "Pygments is a syntax highlighting package written in Python."
optional = false
python-versions = ">=3.8"
groups = ["main", "dev"]
files = [
    {file = "pygments-2.19.2-py3-none-any.whl", hash = "sha256:86540386c03d588bb81d44bc3928634ff26449851e99741617ecb9037ee5ec0b"},
    {file = "pygments-2.19.2.tar.gz", hash = "sha256:636cb2477cec7f8952536970bc533bc43743542f70392ae026374600add5b887"},
]

[package.extras]
windows-terminal = ["colorama (>=0.4.6)"]

[[package]]
name = "pyparsing"
version = "3.2.5"
description = "pyparsing - Classes and methods to define and execute parsing grammars"
optional = false
python-versions = ">=3.9"
groups = ["main"]
files = [
    {file = "pyparsing-3.2.5-py3-none-any.whl", hash = "sha256:e38a4f02064cf41fe6593d328d0512495ad1f3d8a91c4f73fc401b3079a59a5e"},
    {file = "pyparsing-3.2.5.tar.gz", hash = "sha256:2df8d5b7b2802ef88e8d016a2eb9c7aeaa923529cd251ed0fe4608275d4105b6"},
]

[package.extras]
diagrams = ["jinja2", "railroad-diagrams"]

[[package]]
name = "pytest"
version = "8.4.2"
description = "pytest: simple powerful testing with Python"
optional = false
python-versions = ">=3.9"
groups = ["dev"]
files = [
    {file = "pytest-8.4.2-py3-none-any.whl", hash = "sha256:872f880de3fc3a5bdc88a11b39c9710c3497a547cfa9320bc3c5e62fbf272e79"},
    {file = "pytest-8.4.2.tar.gz", hash = "sha256:86c0d0b93306b961d58d62a4db4879f27fe25513d4b969df351abdddb3c30e01"},
]

[package.dependencies]
colorama = {version = ">=0.4", markers = "sys_platform == \"win32\""}
iniconfig = ">=1"
packaging = ">=20"
pluggy = ">=1.5,<2"
pygments = ">=2.7.2"

[package.extras]
dev = ["argcomplete", "attrs (>=19.2)", "hypothesis (>=3.56)", "mock", "requests", "setuptools", "xmlschema"]

[[package]]
name = "rich"
version = "13.9.4"
description = "Render rich text, tables, progress bars, syntax highlighting, markdown and more to the terminal"
optional = false
python-versions = ">=3.8.0"
groups = ["main"]
files = [
    {file = "rich-13.9.4-py3-none-any.whl", hash = "sha256:6049d5e6ec054bf2779ab3358186963bac2ea89175919d699e378b99738c2a90"},
    {file = "rich-13.9.4.tar.gz", hash = "sha256:439594978a49a09530cff7ebc4b5c7103ef57baf48d5ea3184f21d9a2befa098"},
]

[package.dependencies]
markdown-it-py = ">=2.2.0"
pygments = ">=2.13.0,<3.0.0"

[package.extras]
jupyter = ["ipywidgets (>=7.5.1,<9)"]

[[package]]
name = "shellingham"
version = "1.5.4"
description = "Tool to Detect Surrounding Shell"
optional = false
python-versions = ">=3.7"
groups = ["main"]
files = [
    {file = "shellingham-1.5.4-py2.py3-none-any.whl", hash = "sha256:7ecfff8f2fd72616f7481040475a65b2bf8af90a56c89140852d1120324e8686"},
    {file = "shellingham-1.5.4.tar.gz", hash = "sha256:8dbca0739d487e5bd35ab3ca4b36e11c4078f3a234bfce294b0a0291363404de"},
]

[[package]]
name = "sortedcontainers"
version = "2.4.0"
description = "Sorted Containers -- Sorted List, Sorted Dict, Sorted Set"
optional = false
python-versions = "*"
groups = ["main"]
files = [
    {file = "sortedcontainers-2.4.0-py2.py3-none-any.whl", hash = "sha256:a163dcaede0f1c021485e957a39245190e74249897e2ae4b2aa38595db237ee0"},
    {file = "sortedcontainers-2.4.0.tar.gz", hash = "sha256:25caa5a06cc30b6b83d11423433f65d1f9d76c4c6a0c90e3379eaa43b9bfdb88"},
]

[[package]]
name = "typer"
version = "0.12.5"
description = "Typer, build great CLIs. Easy to code. Based on Python type hints."
optional = false
python-versions = ">=3.7"
groups = ["main"]
files = [
    {file = "typer-0.12.5-py3-none-any.whl", hash = "sha256:62fe4e471711b147e3365034133904df3e235698399bc4de2b36c8579298d52b"},
    {file = "typer-0.12.5.tar.gz", hash = "sha256:f592f089bedcc8ec1b974125d64851029c3b1af145f04aca64d69410f0c9b722"},
]

[package.dependencies]
click = ">=8.0.0"
rich = ">=10.11.0"
shellingham = ">=1.3.0"
typing-extensions = ">=3.7.4.3"

[[package]]
name = "typing-extensions"
version = "4.15.0"
description = "Backported and Experimental Type Hints for Python 3.9+"
optional = false
python-versions = ">=3.9"
groups = ["main"]
files = [
    {file = "typing_extensions-4.15.0-py3-none-any.whl", hash = "sha256:f0fa19c6845758ab08074a0cfa8b7aecb71c999ca73d62883bc25cc018c4e548"},
    {file = "typing_extensions-4.15.0.tar.gz", hash = "sha256:0cea48d173cc12fa28ecabc3b837ea3cf6f38c6d1136f85cbaaf598984861466"},
]

[metadata]
lock-version = "2.1"
python-versions = "^3.11"
content-hash = "a734407c2066707744abf26d17d1655500a073663dcc03a638f3145f8776d301"
